
Microsoft Visual Studio Solution File, Format Version 12.00
# Visual Studio Version 16
VisualStudioVersion = 16.0.30128.36
MinimumVisualStudioVersion = 10.0.40219.1
Project("{9A19103F-16F7-4668-BE54-9A1E7A4F7556}") = "BuildingBlock.Sample", "BuildingBlock.Sample\BuildingBlock.Sample.csproj", "{AFD5772A-62B4-48F6-9D15-ECD932B9EFCA}"
EndProject
Project("{9A19103F-16F7-4668-BE54-9A1E7A4F7556}") = "BuildingBlock.Sample.ImplementationOne", "BuildingBlock.Sample.ImplementationOne\BuildingBlock.Sample.ImplementationOne.csproj", "{719A834C-3551-449D-BEBB-B878F4BC62BE}"
EndProject
Project("{2150E333-8FDC-42A3-9474-1A3956D46DE8}") = "ImplementationOne", "ImplementationOne", "{F719B402-8AAC-4709-81FF-F5D0FD9A9885}"
EndProject
Project("{9A19103F-16F7-4668-BE54-9A1E7A4F7556}") = "BuildingBlock.Sample.ImplementationOne.Tests", "BuildingBlock.Sample.ImplementationOne.Tests\BuildingBlock.Sample.ImplementationOne.Tests.csproj", "{644EA449-6E74-408C-91B5-8432533AA9E8}"
EndProject
Project("{2150E333-8FDC-42A3-9474-1A3956D46DE8}") = "ImplementationTwo", "ImplementationTwo", "{81140797-DEFD-4A1F-81D3-DE862B7BD188}"
EndProject
Project("{9A19103F-16F7-4668-BE54-9A1E7A4F7556}") = "BuildingBlock.Sample.ImplementationTwo", "BuildingBlock.Sample.ImplementationTwo\BuildingBlock.Sample.ImplementationTwo.csproj", "{55443A42-B528-4265-A682-799BAE4061C8}"
EndProject
Project("{9A19103F-16F7-4668-BE54-9A1E7A4F7556}") = "BuildingBlock.Sample.ImplementationTwo.Tests", "BuildingBlock.Sample.ImplementationTwo.Tests\BuildingBlock.Sample.ImplementationTwo.Tests.csproj", "{642EF252-514F-4004-93EA-2F6EE1BDD544}"
EndProject
Global
	GlobalSection(SolutionConfigurationPlatforms) = preSolution
		Debug|Any CPU = Debug|Any CPU
		Release|Any CPU = Release|Any CPU
	EndGlobalSection
	GlobalSection(ProjectConfigurationPlatforms) = postSolution
		{AFD5772A-62B4-48F6-9D15-ECD932B9EFCA}.Debug|Any CPU.ActiveCfg = Debug|Any CPU
		{AFD5772A-62B4-48F6-9D15-ECD932B9EFCA}.Debug|Any CPU.Build.0 = Debug|Any CPU
		{AFD5772A-62B4-48F6-9D15-ECD932B9EFCA}.Release|Any CPU.ActiveCfg = Release|Any CPU
		{AFD5772A-62B4-48F6-9D15-ECD932B9EFCA}.Release|Any CPU.Build.0 = Release|Any CPU
		{719A834C-3551-449D-BEBB-B878F4BC62BE}.Debug|Any CPU.ActiveCfg = Debug|Any CPU
		{719A834C-3551-449D-BEBB-B878F4BC62BE}.Debug|Any CPU.Build.0 = Debug|Any CPU
		{719A834C-3551-449D-BEBB-B878F4BC62BE}.Release|Any CPU.ActiveCfg = Release|Any CPU
		{719A834C-3551-449D-BEBB-B878F4BC62BE}.Release|Any CPU.Build.0 = Release|Any CPU
		{644EA449-6E74-408C-91B5-8432533AA9E8}.Debug|Any CPU.ActiveCfg = Debug|Any CPU
		{644EA449-6E74-408C-91B5-8432533AA9E8}.Debug|Any CPU.Build.0 = Debug|Any CPU
		{644EA449-6E74-408C-91B5-8432533AA9E8}.Release|Any CPU.ActiveCfg = Release|Any CPU
		{644EA449-6E74-408C-91B5-8432533AA9E8}.Release|Any CPU.Build.0 = Release|Any CPU
		{55443A42-B528-4265-A682-799BAE4061C8}.Debug|Any CPU.ActiveCfg = Debug|Any CPU
		{55443A42-B528-4265-A682-799BAE4061C8}.Debug|Any CPU.Build.0 = Debug|Any CPU
		{55443A42-B528-4265-A682-799BAE4061C8}.Release|Any CPU.ActiveCfg = Release|Any CPU
		{55443A42-B528-4265-A682-799BAE4061C8}.Release|Any CPU.Build.0 = Release|Any CPU
		{642EF252-514F-4004-93EA-2F6EE1BDD544}.Debug|Any CPU.ActiveCfg = Debug|Any CPU
		{642EF252-514F-4004-93EA-2F6EE1BDD544}.Debug|Any CPU.Build.0 = Debug|Any CPU
		{642EF252-514F-4004-93EA-2F6EE1BDD544}.Release|Any CPU.ActiveCfg = Release|Any CPU
		{642EF252-514F-4004-93EA-2F6EE1BDD544}.Release|Any CPU.Build.0 = Release|Any CPU
	EndGlobalSection
	GlobalSection(SolutionProperties) = preSolution
		HideSolutionNode = FALSE
	EndGlobalSection
	GlobalSection(NestedProjects) = preSolution
		{719A834C-3551-449D-BEBB-B878F4BC62BE} = {F719B402-8AAC-4709-81FF-F5D0FD9A9885}
		{644EA449-6E74-408C-91B5-8432533AA9E8} = {F719B402-8AAC-4709-81FF-F5D0FD9A9885}
		{55443A42-B528-4265-A682-799BAE4061C8} = {81140797-DEFD-4A1F-81D3-DE862B7BD188}
		{642EF252-514F-4004-93EA-2F6EE1BDD544} = {81140797-DEFD-4A1F-81D3-DE862B7BD188}
	EndGlobalSection
	GlobalSection(ExtensibilityGlobals) = postSolution
		SolutionGuid = {610F619F-E8F3-4893-886B-DC38C5922538}
	EndGlobalSection
EndGlobal
